// !$*UTF8*$!
{
	archiveVersion = 1;
	classes = {
	};
	objectVersion = 50;
	objects = {

/* Begin PBXBuildFile section */
		13EACAADC4F57F6815CD7517 /* Pods_EllipsesUITests.framework in Frameworks */ = {isa = PBXBuildFile; fileRef = E0925396D264F6D941680C26 /* Pods_EllipsesUITests.framework */; };
		B24219B12216160C00AD6CAC /* AppDelegate.swift in Sources */ = {isa = PBXBuildFile; fileRef = B24219B02216160C00AD6CAC /* AppDelegate.swift */; };
		B24219B32216160C00AD6CAC /* ViewController.swift in Sources */ = {isa = PBXBuildFile; fileRef = B24219B22216160C00AD6CAC /* ViewController.swift */; };
		B24219B62216160C00AD6CAC /* Main.storyboard in Resources */ = {isa = PBXBuildFile; fileRef = B24219B42216160C00AD6CAC /* Main.storyboard */; };
		B24219B82216160F00AD6CAC /* Assets.xcassets in Resources */ = {isa = PBXBuildFile; fileRef = B24219B72216160F00AD6CAC /* Assets.xcassets */; };
		B24219BB2216160F00AD6CAC /* LaunchScreen.storyboard in Resources */ = {isa = PBXBuildFile; fileRef = B24219B92216160F00AD6CAC /* LaunchScreen.storyboard */; };
		B24219C62216160F00AD6CAC /* EllipsesTests.swift in Sources */ = {isa = PBXBuildFile; fileRef = B24219C52216160F00AD6CAC /* EllipsesTests.swift */; };
		B24219D12216160F00AD6CAC /* EllipsesUITests.swift in Sources */ = {isa = PBXBuildFile; fileRef = B24219D02216160F00AD6CAC /* EllipsesUITests.swift */; };
		B24E3AEE22161ACE0066D8B7 /* Message.swift in Sources */ = {isa = PBXBuildFile; fileRef = B24E3AED22161ACE0066D8B7 /* Message.swift */; };
		CE4F007164EAFAE3E97CAACA /* Pods_EllipsesTests.framework in Frameworks */ = {isa = PBXBuildFile; fileRef = E4103EF0A5693F9156A623D1 /* Pods_EllipsesTests.framework */; };
		D1DDEEFF058020F6FA4DAB5C /* Pods_Ellipses.framework in Frameworks */ = {isa = PBXBuildFile; fileRef = 9D51C805D1F007297F448B59 /* Pods_Ellipses.framework */; };
/* End PBXBuildFile section */

/* Begin PBXContainerItemProxy section */
		B24219C22216160F00AD6CAC /* PBXContainerItemProxy */ = {
			isa = PBXContainerItemProxy;
			containerPortal = B24219A52216160C00AD6CAC /* Project object */;
			proxyType = 1;
			remoteGlobalIDString = B24219AC2216160C00AD6CAC;
			remoteInfo = Ellipses;
		};
		B24219CD2216160F00AD6CAC /* PBXContainerItemProxy */ = {
			isa = PBXContainerItemProxy;
			containerPortal = B24219A52216160C00AD6CAC /* Project object */;
			proxyType = 1;
			remoteGlobalIDString = B24219AC2216160C00AD6CAC;
			remoteInfo = Ellipses;
		};
/* End PBXContainerItemProxy section */

/* Begin PBXFileReference section */
		114B41FC5A47AC48CE24F61A /* Pods-EllipsesTests.debug.xcconfig */ = {isa = PBXFileReference; includeInIndex = 1; lastKnownFileType = text.xcconfig; name = "Pods-EllipsesTests.debug.xcconfig"; path = "Target Support Files/Pods-EllipsesTests/Pods-EllipsesTests.debug.xcconfig"; sourceTree = "<group>"; };
		2F83ADAF60D2B7773BA0715A /* Pods-EllipsesTests.release.xcconfig */ = {isa = PBXFileReference; includeInIndex = 1; lastKnownFileType = text.xcconfig; name = "Pods-EllipsesTests.release.xcconfig"; path = "Target Support Files/Pods-EllipsesTests/Pods-EllipsesTests.release.xcconfig"; sourceTree = "<group>"; };
		44FEAD825FDCA86442175201 /* Pods-EllipsesUITests.release.xcconfig */ = {isa = PBXFileReference; includeInIndex = 1; lastKnownFileType = text.xcconfig; name = "Pods-EllipsesUITests.release.xcconfig"; path = "Target Support Files/Pods-EllipsesUITests/Pods-EllipsesUITests.release.xcconfig"; sourceTree = "<group>"; };
		7221598FCEAF12CF0CD1A6E0 /* Pods-Ellipses.release.xcconfig */ = {isa = PBXFileReference; includeInIndex = 1; lastKnownFileType = text.xcconfig; name = "Pods-Ellipses.release.xcconfig"; path = "Target Support Files/Pods-Ellipses/Pods-Ellipses.release.xcconfig"; sourceTree = "<group>"; };
		79384BC0AF622629C330B73A /* Pods-EllipsesUITests.debug.xcconfig */ = {isa = PBXFileReference; includeInIndex = 1; lastKnownFileType = text.xcconfig; name = "Pods-EllipsesUITests.debug.xcconfig"; path = "Target Support Files/Pods-EllipsesUITests/Pods-EllipsesUITests.debug.xcconfig"; sourceTree = "<group>"; };
		96CB8CED6F887F5B66C9E5E3 /* Pods-Ellipses.debug.xcconfig */ = {isa = PBXFileReference; includeInIndex = 1; lastKnownFileType = text.xcconfig; name = "Pods-Ellipses.debug.xcconfig"; path = "Target Support Files/Pods-Ellipses/Pods-Ellipses.debug.xcconfig"; sourceTree = "<group>"; };
		9D51C805D1F007297F448B59 /* Pods_Ellipses.framework */ = {isa = PBXFileReference; explicitFileType = wrapper.framework; includeInIndex = 0; path = Pods_Ellipses.framework; sourceTree = BUILT_PRODUCTS_DIR; };
		B24219AD2216160C00AD6CAC /* Ellipses.app */ = {isa = PBXFileReference; explicitFileType = wrapper.application; includeInIndex = 0; path = Ellipses.app; sourceTree = BUILT_PRODUCTS_DIR; };
		B24219B02216160C00AD6CAC /* AppDelegate.swift */ = {isa = PBXFileReference; lastKnownFileType = sourcecode.swift; path = AppDelegate.swift; sourceTree = "<group>"; };
		B24219B22216160C00AD6CAC /* ViewController.swift */ = {isa = PBXFileReference; lastKnownFileType = sourcecode.swift; path = ViewController.swift; sourceTree = "<group>"; };
		B24219B52216160C00AD6CAC /* Base */ = {isa = PBXFileReference; lastKnownFileType = file.storyboard; name = Base; path = Base.lproj/Main.storyboard; sourceTree = "<group>"; };
		B24219B72216160F00AD6CAC /* Assets.xcassets */ = {isa = PBXFileReference; lastKnownFileType = folder.assetcatalog; path = Assets.xcassets; sourceTree = "<group>"; };
		B24219BA2216160F00AD6CAC /* Base */ = {isa = PBXFileReference; lastKnownFileType = file.storyboard; name = Base; path = Base.lproj/LaunchScreen.storyboard; sourceTree = "<group>"; };
		B24219BC2216160F00AD6CAC /* Info.plist */ = {isa = PBXFileReference; lastKnownFileType = text.plist.xml; path = Info.plist; sourceTree = "<group>"; };
		B24219C12216160F00AD6CAC /* EllipsesTests.xctest */ = {isa = PBXFileReference; explicitFileType = wrapper.cfbundle; includeInIndex = 0; path = EllipsesTests.xctest; sourceTree = BUILT_PRODUCTS_DIR; };
		B24219C52216160F00AD6CAC /* EllipsesTests.swift */ = {isa = PBXFileReference; lastKnownFileType = sourcecode.swift; path = EllipsesTests.swift; sourceTree = "<group>"; };
		B24219C72216160F00AD6CAC /* Info.plist */ = {isa = PBXFileReference; lastKnownFileType = text.plist.xml; path = Info.plist; sourceTree = "<group>"; };
		B24219CC2216160F00AD6CAC /* EllipsesUITests.xctest */ = {isa = PBXFileReference; explicitFileType = wrapper.cfbundle; includeInIndex = 0; path = EllipsesUITests.xctest; sourceTree = BUILT_PRODUCTS_DIR; };
		B24219D02216160F00AD6CAC /* EllipsesUITests.swift */ = {isa = PBXFileReference; lastKnownFileType = sourcecode.swift; path = EllipsesUITests.swift; sourceTree = "<group>"; };
		B24219D22216160F00AD6CAC /* Info.plist */ = {isa = PBXFileReference; lastKnownFileType = text.plist.xml; path = Info.plist; sourceTree = "<group>"; };
		B24E3AED22161ACE0066D8B7 /* Message.swift */ = {isa = PBXFileReference; lastKnownFileType = sourcecode.swift; path = Message.swift; sourceTree = "<group>"; };
		E0925396D264F6D941680C26 /* Pods_EllipsesUITests.framework */ = {isa = PBXFileReference; explicitFileType = wrapper.framework; includeInIndex = 0; path = Pods_EllipsesUITests.framework; sourceTree = BUILT_PRODUCTS_DIR; };
		E4103EF0A5693F9156A623D1 /* Pods_EllipsesTests.framework */ = {isa = PBXFileReference; explicitFileType = wrapper.framework; includeInIndex = 0; path = Pods_EllipsesTests.framework; sourceTree = BUILT_PRODUCTS_DIR; };
/* End PBXFileReference section */

/* Begin PBXFrameworksBuildPhase section */
		B24219AA2216160C00AD6CAC /* Frameworks */ = {
			isa = PBXFrameworksBuildPhase;
			buildActionMask = 2147483647;
			files = (
				D1DDEEFF058020F6FA4DAB5C /* Pods_Ellipses.framework in Frameworks */,
			);
			runOnlyForDeploymentPostprocessing = 0;
		};
		B24219BE2216160F00AD6CAC /* Frameworks */ = {
			isa = PBXFrameworksBuildPhase;
			buildActionMask = 2147483647;
			files = (
				CE4F007164EAFAE3E97CAACA /* Pods_EllipsesTests.framework in Frameworks */,
			);
			runOnlyForDeploymentPostprocessing = 0;
		};
		B24219C92216160F00AD6CAC /* Frameworks */ = {
			isa = PBXFrameworksBuildPhase;
			buildActionMask = 2147483647;
			files = (
				13EACAADC4F57F6815CD7517 /* Pods_EllipsesUITests.framework in Frameworks */,
			);
			runOnlyForDeploymentPostprocessing = 0;
		};
/* End PBXFrameworksBuildPhase section */

/* Begin PBXGroup section */
		61FE2D13567977B76616590D /* Frameworks */ = {
			isa = PBXGroup;
			children = (
				9D51C805D1F007297F448B59 /* Pods_Ellipses.framework */,
				E4103EF0A5693F9156A623D1 /* Pods_EllipsesTests.framework */,
				E0925396D264F6D941680C26 /* Pods_EllipsesUITests.framework */,
			);
			name = Frameworks;
			sourceTree = "<group>";
		};
		7D573EA4F8DD0D70CDCA89CC /* Pods */ = {
			isa = PBXGroup;
			children = (
				96CB8CED6F887F5B66C9E5E3 /* Pods-Ellipses.debug.xcconfig */,
				7221598FCEAF12CF0CD1A6E0 /* Pods-Ellipses.release.xcconfig */,
				114B41FC5A47AC48CE24F61A /* Pods-EllipsesTests.debug.xcconfig */,
				2F83ADAF60D2B7773BA0715A /* Pods-EllipsesTests.release.xcconfig */,
				79384BC0AF622629C330B73A /* Pods-EllipsesUITests.debug.xcconfig */,
				44FEAD825FDCA86442175201 /* Pods-EllipsesUITests.release.xcconfig */,
			);
			path = Pods;
			sourceTree = "<group>";
		};
		B24219A42216160C00AD6CAC = {
			isa = PBXGroup;
			children = (
				B24219AF2216160C00AD6CAC /* Ellipses */,
				B24219C42216160F00AD6CAC /* EllipsesTests */,
				B24219CF2216160F00AD6CAC /* EllipsesUITests */,
				B24219AE2216160C00AD6CAC /* Products */,
				7D573EA4F8DD0D70CDCA89CC /* Pods */,
				61FE2D13567977B76616590D /* Frameworks */,
			);
			sourceTree = "<group>";
		};
		B24219AE2216160C00AD6CAC /* Products */ = {
			isa = PBXGroup;
			children = (
				B24219AD2216160C00AD6CAC /* Ellipses.app */,
				B24219C12216160F00AD6CAC /* EllipsesTests.xctest */,
				B24219CC2216160F00AD6CAC /* EllipsesUITests.xctest */,
			);
			name = Products;
			sourceTree = "<group>";
		};
		B24219AF2216160C00AD6CAC /* Ellipses */ = {
			isa = PBXGroup;
			children = (
				B24219B02216160C00AD6CAC /* AppDelegate.swift */,
				B24219B22216160C00AD6CAC /* ViewController.swift */,
				B24219B42216160C00AD6CAC /* Main.storyboard */,
				B24219B72216160F00AD6CAC /* Assets.xcassets */,
				B24219B92216160F00AD6CAC /* LaunchScreen.storyboard */,
				B24219BC2216160F00AD6CAC /* Info.plist */,
				B24E3AED22161ACE0066D8B7 /* Message.swift */,
			);
			path = Ellipses;
			sourceTree = "<group>";
		};
		B24219C42216160F00AD6CAC /* EllipsesTests */ = {
			isa = PBXGroup;
			children = (
				B24219C52216160F00AD6CAC /* EllipsesTests.swift */,
				B24219C72216160F00AD6CAC /* Info.plist */,
			);
			path = EllipsesTests;
			sourceTree = "<group>";
		};
		B24219CF2216160F00AD6CAC /* EllipsesUITests */ = {
			isa = PBXGroup;
			children = (
				B24219D02216160F00AD6CAC /* EllipsesUITests.swift */,
				B24219D22216160F00AD6CAC /* Info.plist */,
			);
			path = EllipsesUITests;
			sourceTree = "<group>";
		};
/* End PBXGroup section */

/* Begin PBXNativeTarget section */
		B24219AC2216160C00AD6CAC /* Ellipses */ = {
			isa = PBXNativeTarget;
			buildConfigurationList = B24219D52216160F00AD6CAC /* Build configuration list for PBXNativeTarget "Ellipses" */;
			buildPhases = (
				5A636C8C17D6B8AE53F2F323 /* [CP] Check Pods Manifest.lock */,
				B24219A92216160C00AD6CAC /* Sources */,
				B24219AA2216160C00AD6CAC /* Frameworks */,
				B24219AB2216160C00AD6CAC /* Resources */,
				C292F96A4F114FE73E1BC098 /* [CP] Embed Pods Frameworks */,
			);
			buildRules = (
			);
			dependencies = (
			);
			name = Ellipses;
			productName = Ellipses;
			productReference = B24219AD2216160C00AD6CAC /* Ellipses.app */;
			productType = "com.apple.product-type.application";
		};
		B24219C02216160F00AD6CAC /* EllipsesTests */ = {
			isa = PBXNativeTarget;
			buildConfigurationList = B24219D82216160F00AD6CAC /* Build configuration list for PBXNativeTarget "EllipsesTests" */;
			buildPhases = (
				7EFDE139404E187255967648 /* [CP] Check Pods Manifest.lock */,
				B24219BD2216160F00AD6CAC /* Sources */,
				B24219BE2216160F00AD6CAC /* Frameworks */,
				B24219BF2216160F00AD6CAC /* Resources */,
			);
			buildRules = (
			);
			dependencies = (
				B24219C32216160F00AD6CAC /* PBXTargetDependency */,
			);
			name = EllipsesTests;
			productName = EllipsesTests;
			productReference = B24219C12216160F00AD6CAC /* EllipsesTests.xctest */;
			productType = "com.apple.product-type.bundle.unit-test";
		};
		B24219CB2216160F00AD6CAC /* EllipsesUITests */ = {
			isa = PBXNativeTarget;
			buildConfigurationList = B24219DB2216160F00AD6CAC /* Build configuration list for PBXNativeTarget "EllipsesUITests" */;
			buildPhases = (
				2DE51BB84DF3CE697113D324 /* [CP] Check Pods Manifest.lock */,
				B24219C82216160F00AD6CAC /* Sources */,
				B24219C92216160F00AD6CAC /* Frameworks */,
				B24219CA2216160F00AD6CAC /* Resources */,
			);
			buildRules = (
			);
			dependencies = (
				B24219CE2216160F00AD6CAC /* PBXTargetDependency */,
			);
			name = EllipsesUITests;
			productName = EllipsesUITests;
			productReference = B24219CC2216160F00AD6CAC /* EllipsesUITests.xctest */;
			productType = "com.apple.product-type.bundle.ui-testing";
		};
/* End PBXNativeTarget section */

/* Begin PBXProject section */
		B24219A52216160C00AD6CAC /* Project object */ = {
			isa = PBXProject;
			attributes = {
				LastSwiftUpdateCheck = 1010;
				LastUpgradeCheck = 1010;
				ORGANIZATIONNAME = "Benjamin Otte";
				TargetAttributes = {
					B24219AC2216160C00AD6CAC = {
						CreatedOnToolsVersion = 10.1;
					};
					B24219C02216160F00AD6CAC = {
						CreatedOnToolsVersion = 10.1;
						TestTargetID = B24219AC2216160C00AD6CAC;
					};
					B24219CB2216160F00AD6CAC = {
						CreatedOnToolsVersion = 10.1;
						TestTargetID = B24219AC2216160C00AD6CAC;
					};
				};
			};
			buildConfigurationList = B24219A82216160C00AD6CAC /* Build configuration list for PBXProject "Ellipses" */;
			compatibilityVersion = "Xcode 9.3";
			developmentRegion = en;
			hasScannedForEncodings = 0;
			knownRegions = (
				en,
				Base,
			);
			mainGroup = B24219A42216160C00AD6CAC;
			productRefGroup = B24219AE2216160C00AD6CAC /* Products */;
			projectDirPath = "";
			projectRoot = "";
			targets = (
				B24219AC2216160C00AD6CAC /* Ellipses */,
				B24219C02216160F00AD6CAC /* EllipsesTests */,
				B24219CB2216160F00AD6CAC /* EllipsesUITests */,
			);
		};
/* End PBXProject section */

/* Begin PBXResourcesBuildPhase section */
		B24219AB2216160C00AD6CAC /* Resources */ = {
			isa = PBXResourcesBuildPhase;
			buildActionMask = 2147483647;
			files = (
				B24219BB2216160F00AD6CAC /* LaunchScreen.storyboard in Resources */,
				B24219B82216160F00AD6CAC /* Assets.xcassets in Resources */,
				B24219B62216160C00AD6CAC /* Main.storyboard in Resources */,
			);
			runOnlyForDeploymentPostprocessing = 0;
		};
		B24219BF2216160F00AD6CAC /* Resources */ = {
			isa = PBXResourcesBuildPhase;
			buildActionMask = 2147483647;
			files = (
			);
			runOnlyForDeploymentPostprocessing = 0;
		};
		B24219CA2216160F00AD6CAC /* Resources */ = {
			isa = PBXResourcesBuildPhase;
			buildActionMask = 2147483647;
			files = (
			);
			runOnlyForDeploymentPostprocessing = 0;
		};
/* End PBXResourcesBuildPhase section */

/* Begin PBXShellScriptBuildPhase section */
		2DE51BB84DF3CE697113D324 /* [CP] Check Pods Manifest.lock */ = {
			isa = PBXShellScriptBuildPhase;
			buildActionMask = 2147483647;
			files = (
			);
			inputFileListPaths = (
			);
			inputPaths = (
				"${PODS_PODFILE_DIR_PATH}/Podfile.lock",
				"${PODS_ROOT}/Manifest.lock",
			);
			name = "[CP] Check Pods Manifest.lock";
			outputFileListPaths = (
			);
			outputPaths = (
				"$(DERIVED_FILE_DIR)/Pods-EllipsesUITests-checkManifestLockResult.txt",
			);
			runOnlyForDeploymentPostprocessing = 0;
			shellPath = /bin/sh;
			shellScript = "diff \"${PODS_PODFILE_DIR_PATH}/Podfile.lock\" \"${PODS_ROOT}/Manifest.lock\" > /dev/null\nif [ $? != 0 ] ; then\n    # print error to STDERR\n    echo \"error: The sandbox is not in sync with the Podfile.lock. Run 'pod install' or update your CocoaPods installation.\" >&2\n    exit 1\nfi\n# This output is used by Xcode 'outputs' to avoid re-running this script phase.\necho \"SUCCESS\" > \"${SCRIPT_OUTPUT_FILE_0}\"\n";
			showEnvVarsInLog = 0;
		};
		5A636C8C17D6B8AE53F2F323 /* [CP] Check Pods Manifest.lock */ = {
			isa = PBXShellScriptBuildPhase;
			buildActionMask = 2147483647;
			files = (
			);
			inputFileListPaths = (
			);
			inputPaths = (
				"${PODS_PODFILE_DIR_PATH}/Podfile.lock",
				"${PODS_ROOT}/Manifest.lock",
			);
			name = "[CP] Check Pods Manifest.lock";
			outputFileListPaths = (
			);
			outputPaths = (
				"$(DERIVED_FILE_DIR)/Pods-Ellipses-checkManifestLockResult.txt",
			);
			runOnlyForDeploymentPostprocessing = 0;
			shellPath = /bin/sh;
			shellScript = "diff \"${PODS_PODFILE_DIR_PATH}/Podfile.lock\" \"${PODS_ROOT}/Manifest.lock\" > /dev/null\nif [ $? != 0 ] ; then\n    # print error to STDERR\n    echo \"error: The sandbox is not in sync with the Podfile.lock. Run 'pod install' or update your CocoaPods installation.\" >&2\n    exit 1\nfi\n# This output is used by Xcode 'outputs' to avoid re-running this script phase.\necho \"SUCCESS\" > \"${SCRIPT_OUTPUT_FILE_0}\"\n";
			showEnvVarsInLog = 0;
		};
		7EFDE139404E187255967648 /* [CP] Check Pods Manifest.lock */ = {
			isa = PBXShellScriptBuildPhase;
			buildActionMask = 2147483647;
			files = (
			);
			inputFileListPaths = (
			);
			inputPaths = (
				"${PODS_PODFILE_DIR_PATH}/Podfile.lock",
				"${PODS_ROOT}/Manifest.lock",
			);
			name = "[CP] Check Pods Manifest.lock";
			outputFileListPaths = (
			);
			outputPaths = (
				"$(DERIVED_FILE_DIR)/Pods-EllipsesTests-checkManifestLockResult.txt",
			);
			runOnlyForDeploymentPostprocessing = 0;
			shellPath = /bin/sh;
			shellScript = "diff \"${PODS_PODFILE_DIR_PATH}/Podfile.lock\" \"${PODS_ROOT}/Manifest.lock\" > /dev/null\nif [ $? != 0 ] ; then\n    # print error to STDERR\n    echo \"error: The sandbox is not in sync with the Podfile.lock. Run 'pod install' or update your CocoaPods installation.\" >&2\n    exit 1\nfi\n# This output is used by Xcode 'outputs' to avoid re-running this script phase.\necho \"SUCCESS\" > \"${SCRIPT_OUTPUT_FILE_0}\"\n";
			showEnvVarsInLog = 0;
		};
		C292F96A4F114FE73E1BC098 /* [CP] Embed Pods Frameworks */ = {
			isa = PBXShellScriptBuildPhase;
			buildActionMask = 2147483647;
			files = (
			);
			inputFileListPaths = (
			);
			inputPaths = (
				"${PODS_ROOT}/Target Support Files/Pods-Ellipses/Pods-Ellipses-frameworks.sh",
				"${BUILT_PRODUCTS_DIR}/MessageInputBar/MessageInputBar.framework",
				"${BUILT_PRODUCTS_DIR}/MessageKit/MessageKit.framework",
				"${BUILT_PRODUCTS_DIR}/Scaledrone/Scaledrone.framework",
				"${BUILT_PRODUCTS_DIR}/Starscream/Starscream.framework",
			);
			name = "[CP] Embed Pods Frameworks";
			outputFileListPaths = (
			);
			outputPaths = (
				"${TARGET_BUILD_DIR}/${FRAMEWORKS_FOLDER_PATH}/MessageInputBar.framework",
				"${TARGET_BUILD_DIR}/${FRAMEWORKS_FOLDER_PATH}/MessageKit.framework",
				"${TARGET_BUILD_DIR}/${FRAMEWORKS_FOLDER_PATH}/Scaledrone.framework",
				"${TARGET_BUILD_DIR}/${FRAMEWORKS_FOLDER_PATH}/Starscream.framework",
			);
			runOnlyForDeploymentPostprocessing = 0;
			shellPath = /bin/sh;
			shellScript = "\"${PODS_ROOT}/Target Support Files/Pods-Ellipses/Pods-Ellipses-frameworks.sh\"\n";
			showEnvVarsInLog = 0;
		};
/* End PBXShellScriptBuildPhase section */

/* Begin PBXSourcesBuildPhase section */
		B24219A92216160C00AD6CAC /* Sources */ = {
			isa = PBXSourcesBuildPhase;
			buildActionMask = 2147483647;
			files = (
				B24E3AEE22161ACE0066D8B7 /* Message.swift in Sources */,
				B24219B32216160C00AD6CAC /* ViewController.swift in Sources */,
				B24219B12216160C00AD6CAC /* AppDelegate.swift in Sources */,
			);
			runOnlyForDeploymentPostprocessing = 0;
		};
		B24219BD2216160F00AD6CAC /* Sources */ = {
			isa = PBXSourcesBuildPhase;
			buildActionMask = 2147483647;
			files = (
				B24219C62216160F00AD6CAC /* EllipsesTests.swift in Sources */,
			);
			runOnlyForDeploymentPostprocessing = 0;
		};
		B24219C82216160F00AD6CAC /* Sources */ = {
			isa = PBXSourcesBuildPhase;
			buildActionMask = 2147483647;
			files = (
				B24219D12216160F00AD6CAC /* EllipsesUITests.swift in Sources */,
			);
			runOnlyForDeploymentPostprocessing = 0;
		};
/* End PBXSourcesBuildPhase section */

/* Begin PBXTargetDependency section */
		B24219C32216160F00AD6CAC /* PBXTargetDependency */ = {
			isa = PBXTargetDependency;
			target = B24219AC2216160C00AD6CAC /* Ellipses */;
			targetProxy = B24219C22216160F00AD6CAC /* PBXContainerItemProxy */;
		};
		B24219CE2216160F00AD6CAC /* PBXTargetDependency */ = {
			isa = PBXTargetDependency;
			target = B24219AC2216160C00AD6CAC /* Ellipses */;
			targetProxy = B24219CD2216160F00AD6CAC /* PBXContainerItemProxy */;
		};
/* End PBXTargetDependency section */

/* Begin PBXVariantGroup section */
		B24219B42216160C00AD6CAC /* Main.storyboard */ = {
			isa = PBXVariantGroup;
			children = (
				B24219B52216160C00AD6CAC /* Base */,
			);
			name = Main.storyboard;
			sourceTree = "<group>";
		};
		B24219B92216160F00AD6CAC /* LaunchScreen.storyboard */ = {
			isa = PBXVariantGroup;
			children = (
				B24219BA2216160F00AD6CAC /* Base */,
			);
			name = LaunchScreen.storyboard;
			sourceTree = "<group>";
		};
/* End PBXVariantGroup section */

/* Begin XCBuildConfiguration section */
		B24219D32216160F00AD6CAC /* Debug */ = {
			isa = XCBuildConfiguration;
			buildSettings = {
				ALWAYS_SEARCH_USER_PATHS = NO;
				CLANG_ANALYZER_NONNULL = YES;
				CLANG_ANALYZER_NUMBER_OBJECT_CONVERSION = YES_AGGRESSIVE;
				CLANG_CXX_LANGUAGE_STANDARD = "gnu++14";
				CLANG_CXX_LIBRARY = "libc++";
				CLANG_ENABLE_MODULES = YES;
				CLANG_ENABLE_OBJC_ARC = YES;
				CLANG_ENABLE_OBJC_WEAK = YES;
				CLANG_WARN_BLOCK_CAPTURE_AUTORELEASING = YES;
				CLANG_WARN_BOOL_CONVERSION = YES;
				CLANG_WARN_COMMA = YES;
				CLANG_WARN_CONSTANT_CONVERSION = YES;
				CLANG_WARN_DEPRECATED_OBJC_IMPLEMENTATIONS = YES;
				CLANG_WARN_DIRECT_OBJC_ISA_USAGE = YES_ERROR;
				CLANG_WARN_DOCUMENTATION_COMMENTS = YES;
				CLANG_WARN_EMPTY_BODY = YES;
				CLANG_WARN_ENUM_CONVERSION = YES;
				CLANG_WARN_INFINITE_RECURSION = YES;
				CLANG_WARN_INT_CONVERSION = YES;
				CLANG_WARN_NON_LITERAL_NULL_CONVERSION = YES;
				CLANG_WARN_OBJC_IMPLICIT_RETAIN_SELF = YES;
				CLANG_WARN_OBJC_LITERAL_CONVERSION = YES;
				CLANG_WARN_OBJC_ROOT_CLASS = YES_ERROR;
				CLANG_WARN_RANGE_LOOP_ANALYSIS = YES;
				CLANG_WARN_STRICT_PROTOTYPES = YES;
				CLANG_WARN_SUSPICIOUS_MOVE = YES;
				CLANG_WARN_UNGUARDED_AVAILABILITY = YES_AGGRESSIVE;
				CLANG_WARN_UNREACHABLE_CODE = YES;
				CLANG_WARN__DUPLICATE_METHOD_MATCH = YES;
				CODE_SIGN_IDENTITY = "iPhone Developer";
				COPY_PHASE_STRIP = NO;
				DEBUG_INFORMATION_FORMAT = dwarf;
				ENABLE_STRICT_OBJC_MSGSEND = YES;
				ENABLE_TESTABILITY = YES;
				GCC_C_LANGUAGE_STANDARD = gnu11;
				GCC_DYNAMIC_NO_PIC = NO;
				GCC_NO_COMMON_BLOCKS = YES;
				GCC_OPTIMIZATION_LEVEL = 0;
				GCC_PREPROCESSOR_DEFINITIONS = (
					"DEBUG=1",
					"$(inherited)",
				);
				GCC_WARN_64_TO_32_BIT_CONVERSION = YES;
				GCC_WARN_ABOUT_RETURN_TYPE = YES_ERROR;
				GCC_WARN_UNDECLARED_SELECTOR = YES;
				GCC_WARN_UNINITIALIZED_AUTOS = YES_AGGRESSIVE;
				GCC_WARN_UNUSED_FUNCTION = YES;
				GCC_WARN_UNUSED_VARIABLE = YES;
				IPHONEOS_DEPLOYMENT_TARGET = 12.1;
				MTL_ENABLE_DEBUG_INFO = INCLUDE_SOURCE;
				MTL_FAST_MATH = YES;
				ONLY_ACTIVE_ARCH = YES;
				SDKROOT = iphoneos;
				SWIFT_ACTIVE_COMPILATION_CONDITIONS = DEBUG;
				SWIFT_OPTIMIZATION_LEVEL = "-Onone";
			};
			name = Debug;
		};
		B24219D42216160F00AD6CAC /* Release */ = {
			isa = XCBuildConfiguration;
			buildSettings = {
				ALWAYS_SEARCH_USER_PATHS = NO;
				CLANG_ANALYZER_NONNULL = YES;
				CLANG_ANALYZER_NUMBER_OBJECT_CONVERSION = YES_AGGRESSIVE;
				CLANG_CXX_LANGUAGE_STANDARD = "gnu++14";
				CLANG_CXX_LIBRARY = "libc++";
				CLANG_ENABLE_MODULES = YES;
				CLANG_ENABLE_OBJC_ARC = YES;
				CLANG_ENABLE_OBJC_WEAK = YES;
				CLANG_WARN_BLOCK_CAPTURE_AUTORELEASING = YES;
				CLANG_WARN_BOOL_CONVERSION = YES;
				CLANG_WARN_COMMA = YES;
				CLANG_WARN_CONSTANT_CONVERSION = YES;
				CLANG_WARN_DEPRECATED_OBJC_IMPLEMENTATIONS = YES;
				CLANG_WARN_DIRECT_OBJC_ISA_USAGE = YES_ERROR;
				CLANG_WARN_DOCUMENTATION_COMMENTS = YES;
				CLANG_WARN_EMPTY_BODY = YES;
				CLANG_WARN_ENUM_CONVERSION = YES;
				CLANG_WARN_INFINITE_RECURSION = YES;
				CLANG_WARN_INT_CONVERSION = YES;
				CLANG_WARN_NON_LITERAL_NULL_CONVERSION = YES;
				CLANG_WARN_OBJC_IMPLICIT_RETAIN_SELF = YES;
				CLANG_WARN_OBJC_LITERAL_CONVERSION = YES;
				CLANG_WARN_OBJC_ROOT_CLASS = YES_ERROR;
				CLANG_WARN_RANGE_LOOP_ANALYSIS = YES;
				CLANG_WARN_STRICT_PROTOTYPES = YES;
				CLANG_WARN_SUSPICIOUS_MOVE = YES;
				CLANG_WARN_UNGUARDED_AVAILABILITY = YES_AGGRESSIVE;
				CLANG_WARN_UNREACHABLE_CODE = YES;
				CLANG_WARN__DUPLICATE_METHOD_MATCH = YES;
				CODE_SIGN_IDENTITY = "iPhone Developer";
				COPY_PHASE_STRIP = NO;
				DEBUG_INFORMATION_FORMAT = "dwarf-with-dsym";
				ENABLE_NS_ASSERTIONS = NO;
				ENABLE_STRICT_OBJC_MSGSEND = YES;
				GCC_C_LANGUAGE_STANDARD = gnu11;
				GCC_NO_COMMON_BLOCKS = YES;
				GCC_WARN_64_TO_32_BIT_CONVERSION = YES;
				GCC_WARN_ABOUT_RETURN_TYPE = YES_ERROR;
				GCC_WARN_UNDECLARED_SELECTOR = YES;
				GCC_WARN_UNINITIALIZED_AUTOS = YES_AGGRESSIVE;
				GCC_WARN_UNUSED_FUNCTION = YES;
				GCC_WARN_UNUSED_VARIABLE = YES;
				IPHONEOS_DEPLOYMENT_TARGET = 12.1;
				MTL_ENABLE_DEBUG_INFO = NO;
				MTL_FAST_MATH = YES;
				SDKROOT = iphoneos;
				SWIFT_COMPILATION_MODE = wholemodule;
				SWIFT_OPTIMIZATION_LEVEL = "-O";
				VALIDATE_PRODUCT = YES;
			};
			name = Release;
		};
		B24219D62216160F00AD6CAC /* Debug */ = {
			isa = XCBuildConfiguration;
			baseConfigurationReference = 96CB8CED6F887F5B66C9E5E3 /* Pods-Ellipses.debug.xcconfig */;
			buildSettings = {
				ASSETCATALOG_COMPILER_APPICON_NAME = AppIcon;
				CODE_SIGN_STYLE = Automatic;
				INFOPLIST_FILE = Ellipses/Info.plist;
				LD_RUNPATH_SEARCH_PATHS = (
					"$(inherited)",
					"@executable_path/Frameworks",
				);
				PRODUCT_BUNDLE_IDENTIFIER = ahtee.Ellipses;
				PRODUCT_NAME = "$(TARGET_NAME)";
				SWIFT_VERSION = 4.2;
				TARGETED_DEVICE_FAMILY = "1,2";
			};
			name = Debug;
		};
		B24219D72216160F00AD6CAC /* Release */ = {
			isa = XCBuildConfiguration;
			baseConfigurationReference = 7221598FCEAF12CF0CD1A6E0 /* Pods-Ellipses.release.xcconfig */;
			buildSettings = {
				ASSETCATALOG_COMPILER_APPICON_NAME = AppIcon;
				CODE_SIGN_STYLE = Automatic;
				INFOPLIST_FILE = Ellipses/Info.plist;
				LD_RUNPATH_SEARCH_PATHS = (
					"$(inherited)",
					"@executable_path/Frameworks",
				);
				PRODUCT_BUNDLE_IDENTIFIER = ahtee.Ellipses;
				PRODUCT_NAME = "$(TARGET_NAME)";
				SWIFT_VERSION = 4.2;
				TARGETED_DEVICE_FAMILY = "1,2";
			};
			name = Release;
		};
		B24219D92216160F00AD6CAC /* Debug */ = {
			isa = XCBuildConfiguration;
			baseConfigurationReference = 114B41FC5A47AC48CE24F61A /* Pods-EllipsesTests.debug.xcconfig */;
			buildSettings = {
				ALWAYS_EMBED_SWIFT_STANDARD_LIBRARIES = YES;
				BUNDLE_LOADER = "$(TEST_HOST)";
				CODE_SIGN_STYLE = Automatic;
				INFOPLIST_FILE = EllipsesTests/Info.plist;
				LD_RUNPATH_SEARCH_PATHS = (
					"$(inherited)",
					"@executable_path/Frameworks",
					"@loader_path/Frameworks",
				);
				PRODUCT_BUNDLE_IDENTIFIER = ahtee.EllipsesTests;
				PRODUCT_NAME = "$(TARGET_NAME)";
				SWIFT_VERSION = 4.2;
				TARGETED_DEVICE_FAMILY = "1,2";
				TEST_HOST = "$(BUILT_PRODUCTS_DIR)/Ellipses.app/Ellipses";
			};
			name = Debug;
		};
		B24219DA2216160F00AD6CAC /* Release */ = {
			isa = XCBuildConfiguration;
			baseConfigurationReference = 2F83ADAF60D2B7773BA0715A /* Pods-EllipsesTests.release.xcconfig */;
			buildSettings = {
				ALWAYS_EMBED_SWIFT_STANDARD_LIBRARIES = YES;
				BUNDLE_LOADER = "$(TEST_HOST)";
				CODE_SIGN_STYLE = Automatic;
				INFOPLIST_FILE = EllipsesTests/Info.plist;
				LD_RUNPATH_SEARCH_PATHS = (
					"$(inherited)",
					"@executable_path/Frameworks",
					"@loader_path/Frameworks",
				);
				PRODUCT_BUNDLE_IDENTIFIER = ahtee.EllipsesTests;
				PRODUCT_NAME = "$(TARGET_NAME)";
				SWIFT_VERSION = 4.2;
				TARGETED_DEVICE_FAMILY = "1,2";
				TEST_HOST = "$(BUILT_PRODUCTS_DIR)/Ellipses.app/Ellipses";
			};
			name = Release;
		};
		B24219DC2216160F00AD6CAC /* Debug */ = {
			isa = XCBuildConfiguration;
			baseConfigurationReference = 79384BC0AF622629C330B73A /* Pods-EllipsesUITests.debug.xcconfig */;
			buildSettings = {
				ALWAYS_EMBED_SWIFT_STANDARD_LIBRARIES = YES;
				CODE_SIGN_STYLE = Automatic;
				INFOPLIST_FILE = EllipsesUITests/Info.plist;
				LD_RUNPATH_SEARCH_PATHS = (
					"$(inherited)",
					"@executable_path/Frameworks",
					"@loader_path/Frameworks",
				);
				PRODUCT_BUNDLE_IDENTIFIER = ahtee.EllipsesUITests;
				PRODUCT_NAME = "$(TARGET_NAME)";
				SWIFT_VERSION = 4.2;
				TARGETED_DEVICE_FAMILY = "1,2";
				TEST_TARGET_NAME = Ellipses;
			};
			name = Debug;
		};
		B24219DD2216160F00AD6CAC /* Release */ = {
			isa = XCBuildConfiguration;
			baseConfigurationReference = 44FEAD825FDCA86442175201 /* Pods-EllipsesUITests.release.xcconfig */;
			buildSettings = {
				ALWAYS_EMBED_SWIFT_STANDARD_LIBRARIES = YES;
				CODE_SIGN_STYLE = Automatic;
				INFOPLIST_FILE = EllipsesUITests/Info.plist;
				LD_RUNPATH_SEARCH_PATHS = (
					"$(inherited)",
					"@executable_path/Frameworks",
					"@loader_path/Frameworks",
				);
				PRODUCT_BUNDLE_IDENTIFIER = ahtee.EllipsesUITests;
				PRODUCT_NAME = "$(TARGET_NAME)";
				SWIFT_VERSION = 4.2;
				TARGETED_DEVICE_FAMILY = "1,2";
				TEST_TARGET_NAME = Ellipses;
			};
			name = Release;
		};
/* End XCBuildConfiguration section */

/* Begin XCConfigurationList section */
		B24219A82216160C00AD6CAC /* Build configuration list for PBXProject "Ellipses" */ = {
			isa = XCConfigurationList;
			buildConfigurations = (
				B24219D32216160F00AD6CAC /* Debug */,
				B24219D42216160F00AD6CAC /* Release */,
			);
			defaultConfigurationIsVisible = 0;
			defaultConfigurationName = Release;
		};
		B24219D52216160F00AD6CAC /* Build configuration list for PBXNativeTarget "Ellipses" */ = {
			isa = XCConfigurationList;
			buildConfigurations = (
				B24219D62216160F00AD6CAC /* Debug */,
				B24219D72216160F00AD6CAC /* Release */,
			);
			defaultConfigurationIsVisible = 0;
			defaultConfigurationName = Release;
		};
		B24219D82216160F00AD6CAC /* Build configuration list for PBXNativeTarget "EllipsesTests" */ = {
			isa = XCConfigurationList;
			buildConfigurations = (
				B24219D92216160F00AD6CAC /* Debug */,
				B24219DA2216160F00AD6CAC /* Release */,
			);
			defaultConfigurationIsVisible = 0;
			defaultConfigurationName = Release;
		};
		B24219DB2216160F00AD6CAC /* Build configuration list for PBXNativeTarget "EllipsesUITests" */ = {
			isa = XCConfigurationList;
			buildConfigurations = (
				B24219DC2216160F00AD6CAC /* Debug */,
				B24219DD2216160F00AD6CAC /* Release */,
			);
			defaultConfigurationIsVisible = 0;
			defaultConfigurationName = Release;
		};
/* End XCConfigurationList section */
	};
	rootObject = B24219A52216160C00AD6CAC /* Project object */;
}
